
Microsoft Visual Studio Solution File, Format Version 12.00
# Visual Studio Version 17
VisualStudioVersion = 17.0.31903.59
MinimumVisualStudioVersion = 10.0.40219.1
Project("{2150E333-8FDC-42A3-9474-1A3956D46DE8}") = "src", "src", "{827E0CD3-B72D-47B6-A68D-7590B98EB39B}"
EndProject
Project("{FAE04EC0-301F-11D3-BF4B-00C04F79EFBC}") = "AzureInventoryPlatform.Api", "src\AzureInventoryPlatform.Api\AzureInventoryPlatform.Api.csproj", "{6EE77E28-A8F9-4705-BF36-1194CB77565D}"
EndProject
Project("{2150E333-8FDC-42A3-9474-1A3956D46DE8}") = "tests", "tests", "{0AB3BF05-4346-4AA6-1389-037BE0695223}"
EndProject
Project("{FAE04EC0-301F-11D3-BF4B-00C04F79EFBC}") = "AzureInventoryPlatform.Api.Tests", "tests\AzureInventoryPlatform.Api.Tests\AzureInventoryPlatform.Api.Tests.csproj", "{C19F2185-1764-4D69-B6F0-E162EF97E2D4}"
EndProject
Project("{FAE04EC0-301F-11D3-BF4B-00C04F79EFBC}") = "AzureInventoryPlatform.Web", "src\AzureInventoryPlatform.Web\AzureInventoryPlatform.Web.csproj", "{A1265BCA-AA74-4FEC-92E3-5CE3D09ECE17}"
EndProject
Global
	GlobalSection(SolutionConfigurationPlatforms) = preSolution
		Debug|Any CPU = Debug|Any CPU
		Debug|x64 = Debug|x64
		Debug|x86 = Debug|x86
		Release|Any CPU = Release|Any CPU
		Release|x64 = Release|x64
		Release|x86 = Release|x86
	EndGlobalSection
	GlobalSection(ProjectConfigurationPlatforms) = postSolution
		{6EE77E28-A8F9-4705-BF36-1194CB77565D}.Debug|Any CPU.ActiveCfg = Debug|Any CPU
		{6EE77E28-A8F9-4705-BF36-1194CB77565D}.Debug|Any CPU.Build.0 = Debug|Any CPU
		{6EE77E28-A8F9-4705-BF36-1194CB77565D}.Debug|x64.ActiveCfg = Debug|Any CPU
		{6EE77E28-A8F9-4705-BF36-1194CB77565D}.Debug|x64.Build.0 = Debug|Any CPU
		{6EE77E28-A8F9-4705-BF36-1194CB77565D}.Debug|x86.ActiveCfg = Debug|Any CPU
		{6EE77E28-A8F9-4705-BF36-1194CB77565D}.Debug|x86.Build.0 = Debug|Any CPU
		{6EE77E28-A8F9-4705-BF36-1194CB77565D}.Release|Any CPU.ActiveCfg = Release|Any CPU
		{6EE77E28-A8F9-4705-BF36-1194CB77565D}.Release|Any CPU.Build.0 = Release|Any CPU
		{6EE77E28-A8F9-4705-BF36-1194CB77565D}.Release|x64.ActiveCfg = Release|Any CPU
		{6EE77E28-A8F9-4705-BF36-1194CB77565D}.Release|x64.Build.0 = Release|Any CPU
		{6EE77E28-A8F9-4705-BF36-1194CB77565D}.Release|x86.ActiveCfg = Release|Any CPU
		{6EE77E28-A8F9-4705-BF36-1194CB77565D}.Release|x86.Build.0 = Release|Any CPU
		{C19F2185-1764-4D69-B6F0-E162EF97E2D4}.Debug|Any CPU.ActiveCfg = Debug|Any CPU
		{C19F2185-1764-4D69-B6F0-E162EF97E2D4}.Debug|Any CPU.Build.0 = Debug|Any CPU
		{C19F2185-1764-4D69-B6F0-E162EF97E2D4}.Debug|x64.ActiveCfg = Debug|Any CPU
		{C19F2185-1764-4D69-B6F0-E162EF97E2D4}.Debug|x64.Build.0 = Debug|Any CPU
		{C19F2185-1764-4D69-B6F0-E162EF97E2D4}.Debug|x86.ActiveCfg = Debug|Any CPU
		{C19F2185-1764-4D69-B6F0-E162EF97E2D4}.Debug|x86.Build.0 = Debug|Any CPU
		{C19F2185-1764-4D69-B6F0-E162EF97E2D4}.Release|Any CPU.ActiveCfg = Release|Any CPU
		{C19F2185-1764-4D69-B6F0-E162EF97E2D4}.Release|Any CPU.Build.0 = Release|Any CPU
		{C19F2185-1764-4D69-B6F0-E162EF97E2D4}.Release|x64.ActiveCfg = Release|Any CPU
		{C19F2185-1764-4D69-B6F0-E162EF97E2D4}.Release|x64.Build.0 = Release|Any CPU
		{C19F2185-1764-4D69-B6F0-E162EF97E2D4}.Release|x86.ActiveCfg = Release|Any CPU
		{C19F2185-1764-4D69-B6F0-E162EF97E2D4}.Release|x86.Build.0 = Release|Any CPU
		{A1265BCA-AA74-4FEC-92E3-5CE3D09ECE17}.Debug|Any CPU.ActiveCfg = Debug|Any CPU
		{A1265BCA-AA74-4FEC-92E3-5CE3D09ECE17}.Debug|Any CPU.Build.0 = Debug|Any CPU
		{A1265BCA-AA74-4FEC-92E3-5CE3D09ECE17}.Debug|x64.ActiveCfg = Debug|Any CPU
		{A1265BCA-AA74-4FEC-92E3-5CE3D09ECE17}.Debug|x64.Build.0 = Debug|Any CPU
		{A1265BCA-AA74-4FEC-92E3-5CE3D09ECE17}.Debug|x86.ActiveCfg = Debug|Any CPU
		{A1265BCA-AA74-4FEC-92E3-5CE3D09ECE17}.Debug|x86.Build.0 = Debug|Any CPU
		{A1265BCA-AA74-4FEC-92E3-5CE3D09ECE17}.Release|Any CPU.ActiveCfg = Release|Any CPU
		{A1265BCA-AA74-4FEC-92E3-5CE3D09ECE17}.Release|Any CPU.Build.0 = Release|Any CPU
		{A1265BCA-AA74-4FEC-92E3-5CE3D09ECE17}.Release|x64.ActiveCfg = Release|Any CPU
		{A1265BCA-AA74-4FEC-92E3-5CE3D09ECE17}.Release|x64.Build.0 = Release|Any CPU
		{A1265BCA-AA74-4FEC-92E3-5CE3D09ECE17}.Release|x86.ActiveCfg = Release|Any CPU
		{A1265BCA-AA74-4FEC-92E3-5CE3D09ECE17}.Release|x86.Build.0 = Release|Any CPU
	EndGlobalSection
	GlobalSection(SolutionProperties) = preSolution
		HideSolutionNode = FALSE
	EndGlobalSection
	GlobalSection(NestedProjects) = preSolution
		{6EE77E28-A8F9-4705-BF36-1194CB77565D} = {827E0CD3-B72D-47B6-A68D-7590B98EB39B}
		{C19F2185-1764-4D69-B6F0-E162EF97E2D4} = {0AB3BF05-4346-4AA6-1389-037BE0695223}
		{A1265BCA-AA74-4FEC-92E3-5CE3D09ECE17} = {827E0CD3-B72D-47B6-A68D-7590B98EB39B}
	EndGlobalSection
EndGlobal
